
Microsoft Visual Studio Solution File, Format Version 12.00
# Visual Studio Version 17
VisualStudioVersion = 17.4.33103.184
MinimumVisualStudioVersion = 10.0.40219.1
Project("{FAE04EC0-301F-11D3-BF4B-00C04F79EFBC}") = "StoreAppAPI", "StoreAppAPI.csproj", "{1CF10B2F-9337-4A05-9B77-4E57E171FAD1}"
EndProject
Global
	GlobalSection(SolutionConfigurationPlatforms) = preSolution
		Debug|Any CPU = Debug|Any CPU
		Release|Any CPU = Release|Any CPU
	EndGlobalSection
	GlobalSection(ProjectConfigurationPlatforms) = postSolution
		{1CF10B2F-9337-4A05-9B77-4E57E171FAD1}.Debug|Any CPU.ActiveCfg = Debug|Any CPU
		{1CF10B2F-9337-4A05-9B77-4E57E171FAD1}.Debug|Any CPU.Build.0 = Debug|Any CPU
		{1CF10B2F-9337-4A05-9B77-4E57E171FAD1}.Release|Any CPU.ActiveCfg = Release|Any CPU
		{1CF10B2F-9337-4A05-9B77-4E57E171FAD1}.Release|Any CPU.Build.0 = Release|Any CPU
	EndGlobalSection
	GlobalSection(SolutionProperties) = preSolution
		HideSolutionNode = FALSE
	EndGlobalSection
	GlobalSection(ExtensibilityGlobals) = postSolution
		SolutionGuid = {74DFE110-DDB3-446C-864E-3CB7AAFF0E98}
	EndGlobalSection
EndGlobal
